
Microsoft Visual Studio Solution File, Format Version 12.00
# Visual Studio 15
Project("{FAE04EC0-301F-11D3-BF4B-00C04F79EFBC}") = "Assembly-CSharp", "Assembly-CSharp.csproj", "{4CE07701-134F-9DD0-F36C-F385BB4D61DF}"
EndProject
Project("{FAE04EC0-301F-11D3-BF4B-00C04F79EFBC}") = "TTWebGL", "TTWebGL.csproj", "{86736F8C-4229-03EF-1DD6-9A0A251E6212}"
EndProject
Project("{FAE04EC0-301F-11D3-BF4B-00C04F79EFBC}") = "TTLitJson", "TTLitJson.csproj", "{819F446A-BE04-263A-1BDA-C1E29EDD3BDC}"
EndProject
Project("{FAE04EC0-301F-11D3-BF4B-00C04F79EFBC}") = "com.bytedance.ttsdk-editor", "com.bytedance.ttsdk-editor.csproj", "{21BBC893-F0E9-F8D2-6410-12A6E82D7ADC}"
EndProject
Global
	GlobalSection(SolutionConfigurationPlatforms) = preSolution
		Debug|Any CPU = Debug|Any CPU
		Release|Any CPU = Release|Any CPU
	EndGlobalSection
	GlobalSection(ProjectConfigurationPlatforms) = postSolution
		{4CE07701-134F-9DD0-F36C-F385BB4D61DF}.Debug|Any CPU.ActiveCfg = Debug|Any CPU
		{4CE07701-134F-9DD0-F36C-F385BB4D61DF}.Debug|Any CPU.Build.0 = Debug|Any CPU
		{4CE07701-134F-9DD0-F36C-F385BB4D61DF}.Release|Any CPU.ActiveCfg = Release|Any CPU
		{4CE07701-134F-9DD0-F36C-F385BB4D61DF}.Release|Any CPU.Build.0 = Release|Any CPU
		{86736F8C-4229-03EF-1DD6-9A0A251E6212}.Debug|Any CPU.ActiveCfg = Debug|Any CPU
		{86736F8C-4229-03EF-1DD6-9A0A251E6212}.Debug|Any CPU.Build.0 = Debug|Any CPU
		{86736F8C-4229-03EF-1DD6-9A0A251E6212}.Release|Any CPU.ActiveCfg = Release|Any CPU
		{86736F8C-4229-03EF-1DD6-9A0A251E6212}.Release|Any CPU.Build.0 = Release|Any CPU
		{819F446A-BE04-263A-1BDA-C1E29EDD3BDC}.Debug|Any CPU.ActiveCfg = Debug|Any CPU
		{819F446A-BE04-263A-1BDA-C1E29EDD3BDC}.Debug|Any CPU.Build.0 = Debug|Any CPU
		{819F446A-BE04-263A-1BDA-C1E29EDD3BDC}.Release|Any CPU.ActiveCfg = Release|Any CPU
		{819F446A-BE04-263A-1BDA-C1E29EDD3BDC}.Release|Any CPU.Build.0 = Release|Any CPU
		{21BBC893-F0E9-F8D2-6410-12A6E82D7ADC}.Debug|Any CPU.ActiveCfg = Debug|Any CPU
		{21BBC893-F0E9-F8D2-6410-12A6E82D7ADC}.Debug|Any CPU.Build.0 = Debug|Any CPU
		{21BBC893-F0E9-F8D2-6410-12A6E82D7ADC}.Release|Any CPU.ActiveCfg = Release|Any CPU
		{21BBC893-F0E9-F8D2-6410-12A6E82D7ADC}.Release|Any CPU.Build.0 = Release|Any CPU
	EndGlobalSection
	GlobalSection(SolutionProperties) = preSolution
		HideSolutionNode = FALSE
	EndGlobalSection
EndGlobal
